
Microsoft Visual Studio Solution File, Format Version 12.00
# Visual Studio Version 17
VisualStudioVersion = 17.5.001.0
MinimumVisualStudioVersion = 10.0.40219.1
Project("{9A19103F-16F7-4668-BE54-9A1E7A4F7556}") = "growth.Backend", "growth.Backend.csproj", "{330687C8-54C7-485B-A209-8BC528C0359E}"
EndProject
Project("{FAE04EC0-301F-11D3-BF4B-00C04F79EFBC}") = "Growth.Tests", "..\Growth.Tests\Growth.Tests.csproj", "{9657EDAD-AC57-4D99-9A68-BBEFD7F3BD17}"
EndProject
Global
	GlobalSection(SolutionConfigurationPlatforms) = preSolution
		Debug|Any CPU = Debug|Any CPU
		Release|Any CPU = Release|Any CPU
	EndGlobalSection
	GlobalSection(ProjectConfigurationPlatforms) = postSolution
		{330687C8-54C7-485B-A209-8BC528C0359E}.Debug|Any CPU.ActiveCfg = Debug|Any CPU
		{330687C8-54C7-485B-A209-8BC528C0359E}.Debug|Any CPU.Build.0 = Debug|Any CPU
		{330687C8-54C7-485B-A209-8BC528C0359E}.Release|Any CPU.ActiveCfg = Release|Any CPU
		{330687C8-54C7-485B-A209-8BC528C0359E}.Release|Any CPU.Build.0 = Release|Any CPU
		{9657EDAD-AC57-4D99-9A68-BBEFD7F3BD17}.Debug|Any CPU.ActiveCfg = Debug|Any CPU
		{9657EDAD-AC57-4D99-9A68-BBEFD7F3BD17}.Debug|Any CPU.Build.0 = Debug|Any CPU
		{9657EDAD-AC57-4D99-9A68-BBEFD7F3BD17}.Release|Any CPU.ActiveCfg = Release|Any CPU
		{9657EDAD-AC57-4D99-9A68-BBEFD7F3BD17}.Release|Any CPU.Build.0 = Release|Any CPU
	EndGlobalSection
	GlobalSection(SolutionProperties) = preSolution
		HideSolutionNode = FALSE
	EndGlobalSection
	GlobalSection(ExtensibilityGlobals) = postSolution
		SolutionGuid = {E46D1EF8-D5B2-4250-A512-2B46E4EFAA3D}
	EndGlobalSection
EndGlobal
